
Microsoft Visual Studio Solution File, Format Version 12.00
# Visual Studio Version 16
VisualStudioVersion = 16.0.29201.188
MinimumVisualStudioVersion = 10.0.40219.1
Project("{FAE04EC0-301F-11D3-BF4B-00C04F79EFBC}") = "Constructor", "Constructor\Constructor.csproj", "{95293F0B-194F-4B70-80A6-62DE9974E2BD}"
EndProject
Global
	GlobalSection(SolutionConfigurationPlatforms) = preSolution
		Debug|Any CPU = Debug|Any CPU
		Release|Any CPU = Release|Any CPU
	EndGlobalSection
	GlobalSection(ProjectConfigurationPlatforms) = postSolution
		{95293F0B-194F-4B70-80A6-62DE9974E2BD}.Debug|Any CPU.ActiveCfg = Debug|Any CPU
		{95293F0B-194F-4B70-80A6-62DE9974E2BD}.Debug|Any CPU.Build.0 = Debug|Any CPU
		{95293F0B-194F-4B70-80A6-62DE9974E2BD}.Release|Any CPU.ActiveCfg = Release|Any CPU
		{95293F0B-194F-4B70-80A6-62DE9974E2BD}.Release|Any CPU.Build.0 = Release|Any CPU
	EndGlobalSection
	GlobalSection(SolutionProperties) = preSolution
		HideSolutionNode = FALSE
	EndGlobalSection
	GlobalSection(ExtensibilityGlobals) = postSolution
		SolutionGuid = {0864508F-F4D1-41F2-A437-17D026007C7C}
	EndGlobalSection
EndGlobal
