
Microsoft Visual Studio Solution File, Format Version 12.00
# Visual Studio Version 16
VisualStudioVersion = 16.0.29201.188
MinimumVisualStudioVersion = 10.0.40219.1
Project("{FAE04EC0-301F-11D3-BF4B-00C04F79EFBC}") = "Numbers", "Numbers\Numbers.csproj", "{037A728E-038E-4401-ACC8-4024AA217203}"
EndProject
Global
	GlobalSection(SolutionConfigurationPlatforms) = preSolution
		Debug|Any CPU = Debug|Any CPU
		Release|Any CPU = Release|Any CPU
	EndGlobalSection
	GlobalSection(ProjectConfigurationPlatforms) = postSolution
		{037A728E-038E-4401-ACC8-4024AA217203}.Debug|Any CPU.ActiveCfg = Debug|Any CPU
		{037A728E-038E-4401-ACC8-4024AA217203}.Debug|Any CPU.Build.0 = Debug|Any CPU
		{037A728E-038E-4401-ACC8-4024AA217203}.Release|Any CPU.ActiveCfg = Release|Any CPU
		{037A728E-038E-4401-ACC8-4024AA217203}.Release|Any CPU.Build.0 = Release|Any CPU
	EndGlobalSection
	GlobalSection(SolutionProperties) = preSolution
		HideSolutionNode = FALSE
	EndGlobalSection
	GlobalSection(ExtensibilityGlobals) = postSolution
		SolutionGuid = {8A20A969-FCA6-4CCF-9743-4746A70B946B}
	EndGlobalSection
EndGlobal
