
Microsoft Visual Studio Solution File, Format Version 12.00
# Visual Studio Version 16
VisualStudioVersion = 16.0.29201.188
MinimumVisualStudioVersion = 10.0.40219.1
Project("{FAE04EC0-301F-11D3-BF4B-00C04F79EFBC}") = "Arrays", "Arrays\Arrays.csproj", "{AE049BEF-F188-479E-B40F-C3AA8B8BD87E}"
EndProject
Global
	GlobalSection(SolutionConfigurationPlatforms) = preSolution
		Debug|Any CPU = Debug|Any CPU
		Release|Any CPU = Release|Any CPU
	EndGlobalSection
	GlobalSection(ProjectConfigurationPlatforms) = postSolution
		{AE049BEF-F188-479E-B40F-C3AA8B8BD87E}.Debug|Any CPU.ActiveCfg = Debug|Any CPU
		{AE049BEF-F188-479E-B40F-C3AA8B8BD87E}.Debug|Any CPU.Build.0 = Debug|Any CPU
		{AE049BEF-F188-479E-B40F-C3AA8B8BD87E}.Release|Any CPU.ActiveCfg = Release|Any CPU
		{AE049BEF-F188-479E-B40F-C3AA8B8BD87E}.Release|Any CPU.Build.0 = Release|Any CPU
	EndGlobalSection
	GlobalSection(SolutionProperties) = preSolution
		HideSolutionNode = FALSE
	EndGlobalSection
	GlobalSection(ExtensibilityGlobals) = postSolution
		SolutionGuid = {56F04A3F-C168-49BE-A74C-6B7B6105C2D8}
	EndGlobalSection
EndGlobal
