
Microsoft Visual Studio Solution File, Format Version 12.00
# Visual Studio Version 16
VisualStudioVersion = 16.0.29201.188
MinimumVisualStudioVersion = 10.0.40219.1
Project("{FAE04EC0-301F-11D3-BF4B-00C04F79EFBC}") = "If statement", "If statement\If statement.csproj", "{29D061E4-3AC8-46C4-B0CB-057AC06B4D21}"
EndProject
Global
	GlobalSection(SolutionConfigurationPlatforms) = preSolution
		Debug|Any CPU = Debug|Any CPU
		Release|Any CPU = Release|Any CPU
	EndGlobalSection
	GlobalSection(ProjectConfigurationPlatforms) = postSolution
		{29D061E4-3AC8-46C4-B0CB-057AC06B4D21}.Debug|Any CPU.ActiveCfg = Debug|Any CPU
		{29D061E4-3AC8-46C4-B0CB-057AC06B4D21}.Debug|Any CPU.Build.0 = Debug|Any CPU
		{29D061E4-3AC8-46C4-B0CB-057AC06B4D21}.Release|Any CPU.ActiveCfg = Release|Any CPU
		{29D061E4-3AC8-46C4-B0CB-057AC06B4D21}.Release|Any CPU.Build.0 = Release|Any CPU
	EndGlobalSection
	GlobalSection(SolutionProperties) = preSolution
		HideSolutionNode = FALSE
	EndGlobalSection
	GlobalSection(ExtensibilityGlobals) = postSolution
		SolutionGuid = {4136672A-13BB-4AD7-BB34-EE16C7A5520A}
	EndGlobalSection
EndGlobal
